
Microsoft Visual Studio Solution File, Format Version 12.00
# Visual Studio Version 17
VisualStudioVersion = 17.1.32421.90
MinimumVisualStudioVersion = 10.0.40219.1
Project("{FAE04EC0-301F-11D3-BF4B-00C04F79EFBC}") = "RPG", "RPG\RPG.csproj", "{006E88B6-6209-4856-9DB7-08BED07EB443}"
EndProject
Global
	GlobalSection(SolutionConfigurationPlatforms) = preSolution
		Debug|Any CPU = Debug|Any CPU
		Release|Any CPU = Release|Any CPU
	EndGlobalSection
	GlobalSection(ProjectConfigurationPlatforms) = postSolution
		{006E88B6-6209-4856-9DB7-08BED07EB443}.Debug|Any CPU.ActiveCfg = Debug|Any CPU
		{006E88B6-6209-4856-9DB7-08BED07EB443}.Debug|Any CPU.Build.0 = Debug|Any CPU
		{006E88B6-6209-4856-9DB7-08BED07EB443}.Release|Any CPU.ActiveCfg = Release|Any CPU
		{006E88B6-6209-4856-9DB7-08BED07EB443}.Release|Any CPU.Build.0 = Release|Any CPU
	EndGlobalSection
	GlobalSection(SolutionProperties) = preSolution
		HideSolutionNode = FALSE
	EndGlobalSection
	GlobalSection(ExtensibilityGlobals) = postSolution
		SolutionGuid = {411F1D76-D723-4965-B73D-996131BBB236}
	EndGlobalSection
EndGlobal
